
Microsoft Visual Studio Solution File, Format Version 12.00
# Visual Studio Version 17
VisualStudioVersion = 17.5.33627.172
MinimumVisualStudioVersion = 10.0.40219.1
Project("{9A19103F-16F7-4668-BE54-9A1E7A4F7556}") = "OfflineTVSystem", "OfflineTVSystem.csproj", "{669095FA-5A15-4599-ABB7-8BB3B2A9DC88}"
EndProject
Project("{FAE04EC0-301F-11D3-BF4B-00C04F79EFBC}") = "OTS_Console", "..\OTS_Console\OTS_Console.csproj", "{897635B1-3E5E-4637-9B8C-E12E3575AF98}"
EndProject
Global
	GlobalSection(SolutionConfigurationPlatforms) = preSolution
		Debug|Any CPU = Debug|Any CPU
		Release|Any CPU = Release|Any CPU
	EndGlobalSection
	GlobalSection(ProjectConfigurationPlatforms) = postSolution
		{669095FA-5A15-4599-ABB7-8BB3B2A9DC88}.Debug|Any CPU.ActiveCfg = Debug|Any CPU
		{669095FA-5A15-4599-ABB7-8BB3B2A9DC88}.Debug|Any CPU.Build.0 = Debug|Any CPU
		{669095FA-5A15-4599-ABB7-8BB3B2A9DC88}.Release|Any CPU.ActiveCfg = Release|Any CPU
		{669095FA-5A15-4599-ABB7-8BB3B2A9DC88}.Release|Any CPU.Build.0 = Release|Any CPU
		{897635B1-3E5E-4637-9B8C-E12E3575AF98}.Debug|Any CPU.ActiveCfg = Debug|Any CPU
		{897635B1-3E5E-4637-9B8C-E12E3575AF98}.Debug|Any CPU.Build.0 = Debug|Any CPU
		{897635B1-3E5E-4637-9B8C-E12E3575AF98}.Release|Any CPU.ActiveCfg = Release|Any CPU
		{897635B1-3E5E-4637-9B8C-E12E3575AF98}.Release|Any CPU.Build.0 = Release|Any CPU
	EndGlobalSection
	GlobalSection(SolutionProperties) = preSolution
		HideSolutionNode = FALSE
	EndGlobalSection
	GlobalSection(ExtensibilityGlobals) = postSolution
		SolutionGuid = {87EB1F3D-8BE6-46AE-84ED-744B3F04D6A1}
	EndGlobalSection
EndGlobal
